
Microsoft Visual Studio Solution File, Format Version 12.00
# Visual Studio Version 17
VisualStudioVersion = 17.5.002.0
MinimumVisualStudioVersion = 10.0.40219.1
Project("{9A19103F-16F7-4668-BE54-9A1E7A4F7556}") = "CodeAcademy", "CodeAcademy.csproj", "{0AD37AEE-26D1-4CB1-8831-C84A8F9DD130}"
EndProject
Global
	GlobalSection(SolutionConfigurationPlatforms) = preSolution
		Debug|Any CPU = Debug|Any CPU
		Release|Any CPU = Release|Any CPU
	EndGlobalSection
	GlobalSection(ProjectConfigurationPlatforms) = postSolution
		{0AD37AEE-26D1-4CB1-8831-C84A8F9DD130}.Debug|Any CPU.ActiveCfg = Debug|Any CPU
		{0AD37AEE-26D1-4CB1-8831-C84A8F9DD130}.Debug|Any CPU.Build.0 = Debug|Any CPU
		{0AD37AEE-26D1-4CB1-8831-C84A8F9DD130}.Release|Any CPU.ActiveCfg = Release|Any CPU
		{0AD37AEE-26D1-4CB1-8831-C84A8F9DD130}.Release|Any CPU.Build.0 = Release|Any CPU
	EndGlobalSection
	GlobalSection(SolutionProperties) = preSolution
		HideSolutionNode = FALSE
	EndGlobalSection
	GlobalSection(ExtensibilityGlobals) = postSolution
		SolutionGuid = {A73B8EBB-9C01-4B27-943F-A45F33680303}
	EndGlobalSection
EndGlobal
